
Microsoft Visual Studio Solution File, Format Version 12.00
# Visual Studio Version 17
VisualStudioVersion = 17.0.32112.339
MinimumVisualStudioVersion = 10.0.40219.1
Project("{FAE04EC0-301F-11D3-BF4B-00C04F79EFBC}") = "Classes_Inheritance_Updated", "Classes_Inheritance_Updated\Classes_Inheritance_Updated.csproj", "{D92CF889-293E-453B-8188-5E54DBBBC603}"
EndProject
Global
	GlobalSection(SolutionConfigurationPlatforms) = preSolution
		Debug|Any CPU = Debug|Any CPU
		Release|Any CPU = Release|Any CPU
	EndGlobalSection
	GlobalSection(ProjectConfigurationPlatforms) = postSolution
		{D92CF889-293E-453B-8188-5E54DBBBC603}.Debug|Any CPU.ActiveCfg = Debug|Any CPU
		{D92CF889-293E-453B-8188-5E54DBBBC603}.Debug|Any CPU.Build.0 = Debug|Any CPU
		{D92CF889-293E-453B-8188-5E54DBBBC603}.Release|Any CPU.ActiveCfg = Release|Any CPU
		{D92CF889-293E-453B-8188-5E54DBBBC603}.Release|Any CPU.Build.0 = Release|Any CPU
	EndGlobalSection
	GlobalSection(SolutionProperties) = preSolution
		HideSolutionNode = FALSE
	EndGlobalSection
	GlobalSection(ExtensibilityGlobals) = postSolution
		SolutionGuid = {C6003252-92E1-4551-9101-D2E4F21A6EE9}
	EndGlobalSection
EndGlobal
